// !$*UTF8*$!
{
	archiveVersion = 1;
	classes = {
	};
	objectVersion = 77;
	objects = {

/* Begin PBXContainerItemProxy section */
		DAB74D7F2CAE58FB00F93A07 /* PBXContainerItemProxy */ = {
			isa = PBXContainerItemProxy;
			containerPortal = DAB74D642CAE58FA00F93A07 /* Project object */;
			proxyType = 1;
			remoteGlobalIDString = DAB74D6B2CAE58FA00F93A07;
			remoteInfo = Exposure;
		};
		DAB74D892CAE58FB00F93A07 /* PBXContainerItemProxy */ = {
			isa = PBXContainerItemProxy;
			containerPortal = DAB74D642CAE58FA00F93A07 /* Project object */;
			proxyType = 1;
			remoteGlobalIDString = DAB74D6B2CAE58FA00F93A07;
			remoteInfo = Exposure;
		};
/* End PBXContainerItemProxy section */

/* Begin PBXFileReference section */
		DAB74D6C2CAE58FA00F93A07 /* Exposure.app */ = {isa = PBXFileReference; explicitFileType = wrapper.application; includeInIndex = 0; path = Exposure.app; sourceTree = BUILT_PRODUCTS_DIR; };
		DAB74D7E2CAE58FB00F93A07 /* ExposureTests.xctest */ = {isa = PBXFileReference; explicitFileType = wrapper.cfbundle; includeInIndex = 0; path = ExposureTests.xctest; sourceTree = BUILT_PRODUCTS_DIR; };
		DAB74D882CAE58FB00F93A07 /* ExposureUITests.xctest */ = {isa = PBXFileReference; explicitFileType = wrapper.cfbundle; includeInIndex = 0; path = ExposureUITests.xctest; sourceTree = BUILT_PRODUCTS_DIR; };
/* End PBXFileReference section */

/* Begin PBXFileSystemSynchronizedRootGroup section */
		DAB74D6E2CAE58FA00F93A07 /* Exposure */ = {
			isa = PBXFileSystemSynchronizedRootGroup;
			path = Exposure;
			sourceTree = "<group>";
		};
		DAB74D812CAE58FB00F93A07 /* ExposureTests */ = {
			isa = PBXFileSystemSynchronizedRootGroup;
			path = ExposureTests;
			sourceTree = "<group>";
		};
		DAB74D8B2CAE58FB00F93A07 /* ExposureUITests */ = {
			isa = PBXFileSystemSynchronizedRootGroup;
			path = ExposureUITests;
			sourceTree = "<group>";
		};
/* End PBXFileSystemSynchronizedRootGroup section */

/* Begin PBXFrameworksBuildPhase section */
		DAB74D692CAE58FA00F93A07 /* Frameworks */ = {
			isa = PBXFrameworksBuildPhase;
			buildActionMask = 2147483647;
			files = (
			);
			runOnlyForDeploymentPostprocessing = 0;
		};
		DAB74D7B2CAE58FB00F93A07 /* Frameworks */ = {
			isa = PBXFrameworksBuildPhase;
			buildActionMask = 2147483647;
			files = (
			);
			runOnlyForDeploymentPostprocessing = 0;
		};
		DAB74D852CAE58FB00F93A07 /* Frameworks */ = {
			isa = PBXFrameworksBuildPhase;
			buildActionMask = 2147483647;
			files = (
			);
			runOnlyForDeploymentPostprocessing = 0;
		};
/* End PBXFrameworksBuildPhase section */

/* Begin PBXGroup section */
		DAB74D632CAE58FA00F93A07 = {
			isa = PBXGroup;
			children = (
				DAB74D6E2CAE58FA00F93A07 /* Exposure */,
				DAB74D812CAE58FB00F93A07 /* ExposureTests */,
				DAB74D8B2CAE58FB00F93A07 /* ExposureUITests */,
				DAB74D6D2CAE58FA00F93A07 /* Products */,
			);
			sourceTree = "<group>";
		};
		DAB74D6D2CAE58FA00F93A07 /* Products */ = {
			isa = PBXGroup;
			children = (
				DAB74D6C2CAE58FA00F93A07 /* Exposure.app */,
				DAB74D7E2CAE58FB00F93A07 /* ExposureTests.xctest */,
				DAB74D882CAE58FB00F93A07 /* ExposureUITests.xctest */,
			);
			name = Products;
			sourceTree = "<group>";
		};
/* End PBXGroup section */

/* Begin PBXNativeTarget section */
		DAB74D6B2CAE58FA00F93A07 /* Exposure */ = {
			isa = PBXNativeTarget;
			buildConfigurationList = DAB74D922CAE58FB00F93A07 /* Build configuration list for PBXNativeTarget "Exposure" */;
			buildPhases = (
				DAB74D682CAE58FA00F93A07 /* Sources */,
				DAB74D692CAE58FA00F93A07 /* Frameworks */,
				DAB74D6A2CAE58FA00F93A07 /* Resources */,
			);
			buildRules = (
			);
			dependencies = (
			);
			fileSystemSynchronizedGroups = (
				DAB74D6E2CAE58FA00F93A07 /* Exposure */,
			);
			name = Exposure;
			packageProductDependencies = (
			);
			productName = Exposure;
			productReference = DAB74D6C2CAE58FA00F93A07 /* Exposure.app */;
			productType = "com.apple.product-type.application";
		};
		DAB74D7D2CAE58FB00F93A07 /* ExposureTests */ = {
			isa = PBXNativeTarget;
			buildConfigurationList = DAB74D952CAE58FB00F93A07 /* Build configuration list for PBXNativeTarget "ExposureTests" */;
			buildPhases = (
				DAB74D7A2CAE58FB00F93A07 /* Sources */,
				DAB74D7B2CAE58FB00F93A07 /* Frameworks */,
				DAB74D7C2CAE58FB00F93A07 /* Resources */,
			);
			buildRules = (
			);
			dependencies = (
				DAB74D802CAE58FB00F93A07 /* PBXTargetDependency */,
			);
			fileSystemSynchronizedGroups = (
				DAB74D812CAE58FB00F93A07 /* ExposureTests */,
			);
			name = ExposureTests;
			packageProductDependencies = (
			);
			productName = ExposureTests;
			productReference = DAB74D7E2CAE58FB00F93A07 /* ExposureTests.xctest */;
			productType = "com.apple.product-type.bundle.unit-test";
		};
		DAB74D872CAE58FB00F93A07 /* ExposureUITests */ = {
			isa = PBXNativeTarget;
			buildConfigurationList = DAB74D982CAE58FB00F93A07 /* Build configuration list for PBXNativeTarget "ExposureUITests" */;
			buildPhases = (
				DAB74D842CAE58FB00F93A07 /* Sources */,
				DAB74D852CAE58FB00F93A07 /* Frameworks */,
				DAB74D862CAE58FB00F93A07 /* Resources */,
			);
			buildRules = (
			);
			dependencies = (
				DAB74D8A2CAE58FB00F93A07 /* PBXTargetDependency */,
			);
			fileSystemSynchronizedGroups = (
				DAB74D8B2CAE58FB00F93A07 /* ExposureUITests */,
			);
			name = ExposureUITests;
			packageProductDependencies = (
			);
			productName = ExposureUITests;
			productReference = DAB74D882CAE58FB00F93A07 /* ExposureUITests.xctest */;
			productType = "com.apple.product-type.bundle.ui-testing";
		};
/* End PBXNativeTarget section */

/* Begin PBXProject section */
		DAB74D642CAE58FA00F93A07 /* Project object */ = {
			isa = PBXProject;
			attributes = {
				BuildIndependentTargetsInParallel = 1;
				LastSwiftUpdateCheck = 1600;
				LastUpgradeCheck = 1600;
				TargetAttributes = {
					DAB74D6B2CAE58FA00F93A07 = {
						CreatedOnToolsVersion = 16.0;
					};
					DAB74D7D2CAE58FB00F93A07 = {
						CreatedOnToolsVersion = 16.0;
						TestTargetID = DAB74D6B2CAE58FA00F93A07;
					};
					DAB74D872CAE58FB00F93A07 = {
						CreatedOnToolsVersion = 16.0;
						TestTargetID = DAB74D6B2CAE58FA00F93A07;
					};
				};
			};
			buildConfigurationList = DAB74D672CAE58FA00F93A07 /* Build configuration list for PBXProject "Exposure" */;
			developmentRegion = en;
			hasScannedForEncodings = 0;
			knownRegions = (
				en,
				Base,
			);
			mainGroup = DAB74D632CAE58FA00F93A07;
			minimizedProjectReferenceProxies = 1;
			preferredProjectObjectVersion = 77;
			productRefGroup = DAB74D6D2CAE58FA00F93A07 /* Products */;
			projectDirPath = "";
			projectRoot = "";
			targets = (
				DAB74D6B2CAE58FA00F93A07 /* Exposure */,
				DAB74D7D2CAE58FB00F93A07 /* ExposureTests */,
				DAB74D872CAE58FB00F93A07 /* ExposureUITests */,
			);
		};
/* End PBXProject section */

/* Begin PBXResourcesBuildPhase section */
		DAB74D6A2CAE58FA00F93A07 /* Resources */ = {
			isa = PBXResourcesBuildPhase;
			buildActionMask = 2147483647;
			files = (
			);
			runOnlyForDeploymentPostprocessing = 0;
		};
		DAB74D7C2CAE58FB00F93A07 /* Resources */ = {
			isa = PBXResourcesBuildPhase;
			buildActionMask = 2147483647;
			files = (
			);
			runOnlyForDeploymentPostprocessing = 0;
		};
		DAB74D862CAE58FB00F93A07 /* Resources */ = {
			isa = PBXResourcesBuildPhase;
			buildActionMask = 2147483647;
			files = (
			);
			runOnlyForDeploymentPostprocessing = 0;
		};
/* End PBXResourcesBuildPhase section */

/* Begin PBXSourcesBuildPhase section */
		DAB74D682CAE58FA00F93A07 /* Sources */ = {
			isa = PBXSourcesBuildPhase;
			buildActionMask = 2147483647;
			files = (
			);
			runOnlyForDeploymentPostprocessing = 0;
		};
		DAB74D7A2CAE58FB00F93A07 /* Sources */ = {
			isa = PBXSourcesBuildPhase;
			buildActionMask = 2147483647;
			files = (
			);
			runOnlyForDeploymentPostprocessing = 0;
		};
		DAB74D842CAE58FB00F93A07 /* Sources */ = {
			isa = PBXSourcesBuildPhase;
			buildActionMask = 2147483647;
			files = (
			);
			runOnlyForDeploymentPostprocessing = 0;
		};
/* End PBXSourcesBuildPhase section */

/* Begin PBXTargetDependency section */
		DAB74D802CAE58FB00F93A07 /* PBXTargetDependency */ = {
			isa = PBXTargetDependency;
			target = DAB74D6B2CAE58FA00F93A07 /* Exposure */;
			targetProxy = DAB74D7F2CAE58FB00F93A07 /* PBXContainerItemProxy */;
		};
		DAB74D8A2CAE58FB00F93A07 /* PBXTargetDependency */ = {
			isa = PBXTargetDependency;
			target = DAB74D6B2CAE58FA00F93A07 /* Exposure */;
			targetProxy = DAB74D892CAE58FB00F93A07 /* PBXContainerItemProxy */;
		};
/* End PBXTargetDependency section */

/* Begin XCBuildConfiguration section */
		DAB74D902CAE58FB00F93A07 /* Debug */ = {
			isa = XCBuildConfiguration;
			buildSettings = {
				ALWAYS_SEARCH_USER_PATHS = NO;
				ASSETCATALOG_COMPILER_GENERATE_SWIFT_ASSET_SYMBOL_EXTENSIONS = YES;
				CLANG_ANALYZER_NONNULL = YES;
				CLANG_ANALYZER_NUMBER_OBJECT_CONVERSION = YES_AGGRESSIVE;
				CLANG_CXX_LANGUAGE_STANDARD = "gnu++20";
				CLANG_ENABLE_MODULES = YES;
				CLANG_ENABLE_OBJC_ARC = YES;
				CLANG_ENABLE_OBJC_WEAK = YES;
				CLANG_WARN_BLOCK_CAPTURE_AUTORELEASING = YES;
				CLANG_WARN_BOOL_CONVERSION = YES;
				CLANG_WARN_COMMA = YES;
				CLANG_WARN_CONSTANT_CONVERSION = YES;
				CLANG_WARN_DEPRECATED_OBJC_IMPLEMENTATIONS = YES;
				CLANG_WARN_DIRECT_OBJC_ISA_USAGE = YES_ERROR;
				CLANG_WARN_DOCUMENTATION_COMMENTS = YES;
				CLANG_WARN_EMPTY_BODY = YES;
				CLANG_WARN_ENUM_CONVERSION = YES;
				CLANG_WARN_INFINITE_RECURSION = YES;
				CLANG_WARN_INT_CONVERSION = YES;
				CLANG_WARN_NON_LITERAL_NULL_CONVERSION = YES;
				CLANG_WARN_OBJC_IMPLICIT_RETAIN_SELF = YES;
				CLANG_WARN_OBJC_LITERAL_CONVERSION = YES;
				CLANG_WARN_OBJC_ROOT_CLASS = YES_ERROR;
				CLANG_WARN_QUOTED_INCLUDE_IN_FRAMEWORK_HEADER = YES;
				CLANG_WARN_RANGE_LOOP_ANALYSIS = YES;
				CLANG_WARN_STRICT_PROTOTYPES = YES;
				CLANG_WARN_SUSPICIOUS_MOVE = YES;
				CLANG_WARN_UNGUARDED_AVAILABILITY = YES_AGGRESSIVE;
				CLANG_WARN_UNREACHABLE_CODE = YES;
				CLANG_WARN__DUPLICATE_METHOD_MATCH = YES;
				COPY_PHASE_STRIP = NO;
				DEBUG_INFORMATION_FORMAT = dwarf;
				ENABLE_STRICT_OBJC_MSGSEND = YES;
				ENABLE_TESTABILITY = YES;
				ENABLE_USER_SCRIPT_SANDBOXING = YES;
				GCC_C_LANGUAGE_STANDARD = gnu17;
				GCC_DYNAMIC_NO_PIC = NO;
				GCC_NO_COMMON_BLOCKS = YES;
				GCC_OPTIMIZATION_LEVEL = 0;
				GCC_PREPROCESSOR_DEFINITIONS = (
					"DEBUG=1",
					"$(inherited)",
				);
				GCC_WARN_64_TO_32_BIT_CONVERSION = YES;
				GCC_WARN_ABOUT_RETURN_TYPE = YES_ERROR;
				GCC_WARN_UNDECLARED_SELECTOR = YES;
				GCC_WARN_UNINITIALIZED_AUTOS = YES_AGGRESSIVE;
				GCC_WARN_UNUSED_FUNCTION = YES;
				GCC_WARN_UNUSED_VARIABLE = YES;
				IPHONEOS_DEPLOYMENT_TARGET = 18.0;
				LOCALIZATION_PREFERS_STRING_CATALOGS = YES;
				MTL_ENABLE_DEBUG_INFO = INCLUDE_SOURCE;
				MTL_FAST_MATH = YES;
				ONLY_ACTIVE_ARCH = YES;
				SDKROOT = iphoneos;
				SWIFT_ACTIVE_COMPILATION_CONDITIONS = "DEBUG $(inherited)";
				SWIFT_OPTIMIZATION_LEVEL = "-Onone";
			};
			name = Debug;
		};
		DAB74D912CAE58FB00F93A07 /* Release */ = {
			isa = XCBuildConfiguration;
			buildSettings = {
				ALWAYS_SEARCH_USER_PATHS = NO;
				ASSETCATALOG_COMPILER_GENERATE_SWIFT_ASSET_SYMBOL_EXTENSIONS = YES;
				CLANG_ANALYZER_NONNULL = YES;
				CLANG_ANALYZER_NUMBER_OBJECT_CONVERSION = YES_AGGRESSIVE;
				CLANG_CXX_LANGUAGE_STANDARD = "gnu++20";
				CLANG_ENABLE_MODULES = YES;
				CLANG_ENABLE_OBJC_ARC = YES;
				CLANG_ENABLE_OBJC_WEAK = YES;
				CLANG_WARN_BLOCK_CAPTURE_AUTORELEASING = YES;
				CLANG_WARN_BOOL_CONVERSION = YES;
				CLANG_WARN_COMMA = YES;
				CLANG_WARN_CONSTANT_CONVERSION = YES;
				CLANG_WARN_DEPRECATED_OBJC_IMPLEMENTATIONS = YES;
				CLANG_WARN_DIRECT_OBJC_ISA_USAGE = YES_ERROR;
				CLANG_WARN_DOCUMENTATION_COMMENTS = YES;
				CLANG_WARN_EMPTY_BODY = YES;
				CLANG_WARN_ENUM_CONVERSION = YES;
				CLANG_WARN_INFINITE_RECURSION = YES;
				CLANG_WARN_INT_CONVERSION = YES;
				CLANG_WARN_NON_LITERAL_NULL_CONVERSION = YES;
				CLANG_WARN_OBJC_IMPLICIT_RETAIN_SELF = YES;
				CLANG_WARN_OBJC_LITERAL_CONVERSION = YES;
				CLANG_WARN_OBJC_ROOT_CLASS = YES_ERROR;
				CLANG_WARN_QUOTED_INCLUDE_IN_FRAMEWORK_HEADER = YES;
				CLANG_WARN_RANGE_LOOP_ANALYSIS = YES;
				CLANG_WARN_STRICT_PROTOTYPES = YES;
				CLANG_WARN_SUSPICIOUS_MOVE = YES;
				CLANG_WARN_UNGUARDED_AVAILABILITY = YES_AGGRESSIVE;
				CLANG_WARN_UNREACHABLE_CODE = YES;
				CLANG_WARN__DUPLICATE_METHOD_MATCH = YES;
				COPY_PHASE_STRIP = NO;
				DEBUG_INFORMATION_FORMAT = "dwarf-with-dsym";
				ENABLE_NS_ASSERTIONS = NO;
				ENABLE_STRICT_OBJC_MSGSEND = YES;
				ENABLE_USER_SCRIPT_SANDBOXING = YES;
				GCC_C_LANGUAGE_STANDARD = gnu17;
				GCC_NO_COMMON_BLOCKS = YES;
				GCC_WARN_64_TO_32_BIT_CONVERSION = YES;
				GCC_WARN_ABOUT_RETURN_TYPE = YES_ERROR;
				GCC_WARN_UNDECLARED_SELECTOR = YES;
				GCC_WARN_UNINITIALIZED_AUTOS = YES_AGGRESSIVE;
				GCC_WARN_UNUSED_FUNCTION = YES;
				GCC_WARN_UNUSED_VARIABLE = YES;
				IPHONEOS_DEPLOYMENT_TARGET = 18.0;
				LOCALIZATION_PREFERS_STRING_CATALOGS = YES;
				MTL_ENABLE_DEBUG_INFO = NO;
				MTL_FAST_MATH = YES;
				SDKROOT = iphoneos;
				SWIFT_COMPILATION_MODE = wholemodule;
				VALIDATE_PRODUCT = YES;
			};
			name = Release;
		};
		DAB74D932CAE58FB00F93A07 /* Debug */ = {
			isa = XCBuildConfiguration;
			buildSettings = {
				ASSETCATALOG_COMPILER_APPICON_NAME = AppIcon;
				ASSETCATALOG_COMPILER_GLOBAL_ACCENT_COLOR_NAME = AccentColor;
				CODE_SIGN_STYLE = Automatic;
				CURRENT_PROJECT_VERSION = 1;
				DEVELOPMENT_ASSET_PATHS = "\"Exposure/Preview Content\"";
				DEVELOPMENT_TEAM = 5LE62QQ976;
				ENABLE_PREVIEWS = YES;
				GENERATE_INFOPLIST_FILE = YES;
				INFOPLIST_KEY_CFBundleDisplayName = "Exposure Buddy";
				INFOPLIST_KEY_UIApplicationSceneManifest_Generation = YES;
				INFOPLIST_KEY_UIApplicationSupportsIndirectInputEvents = YES;
				INFOPLIST_KEY_UILaunchScreen_Generation = YES;
				INFOPLIST_KEY_UISupportedInterfaceOrientations_iPad = "UIInterfaceOrientationPortrait UIInterfaceOrientationPortraitUpsideDown UIInterfaceOrientationLandscapeLeft UIInterfaceOrientationLandscapeRight";
				INFOPLIST_KEY_UISupportedInterfaceOrientations_iPhone = "UIInterfaceOrientationPortrait UIInterfaceOrientationLandscapeLeft UIInterfaceOrientationLandscapeRight";
				LD_RUNPATH_SEARCH_PATHS = (
					"$(inherited)",
					"@executable_path/Frameworks",
				);
				MARKETING_VERSION = 1.2;
				PRODUCT_BUNDLE_IDENTIFIER = com.td.Exposure;
				PRODUCT_NAME = "$(TARGET_NAME)";
				SWIFT_EMIT_LOC_STRINGS = YES;
				SWIFT_VERSION = 5.0;
				TARGETED_DEVICE_FAMILY = "1,2";
			};
			name = Debug;
		};
		DAB74D942CAE58FB00F93A07 /* Release */ = {
			isa = XCBuildConfiguration;
			buildSettings = {
				ASSETCATALOG_COMPILER_APPICON_NAME = AppIcon;
				ASSETCATALOG_COMPILER_GLOBAL_ACCENT_COLOR_NAME = AccentColor;
				CODE_SIGN_STYLE = Automatic;
				CURRENT_PROJECT_VERSION = 1;
				DEVELOPMENT_ASSET_PATHS = "\"Exposure/Preview Content\"";
				DEVELOPMENT_TEAM = 5LE62QQ976;
				ENABLE_PREVIEWS = YES;
				GENERATE_INFOPLIST_FILE = YES;
				INFOPLIST_KEY_CFBundleDisplayName = "Exposure Buddy";
				INFOPLIST_KEY_UIApplicationSceneManifest_Generation = YES;
				INFOPLIST_KEY_UIApplicationSupportsIndirectInputEvents = YES;
				INFOPLIST_KEY_UILaunchScreen_Generation = YES;
				INFOPLIST_KEY_UISupportedInterfaceOrientations_iPad = "UIInterfaceOrientationPortrait UIInterfaceOrientationPortraitUpsideDown UIInterfaceOrientationLandscapeLeft UIInterfaceOrientationLandscapeRight";
				INFOPLIST_KEY_UISupportedInterfaceOrientations_iPhone = "UIInterfaceOrientationPortrait UIInterfaceOrientationLandscapeLeft UIInterfaceOrientationLandscapeRight";
				LD_RUNPATH_SEARCH_PATHS = (
					"$(inherited)",
					"@executable_path/Frameworks",
				);
				MARKETING_VERSION = 1.2;
				PRODUCT_BUNDLE_IDENTIFIER = com.td.Exposure;
				PRODUCT_NAME = "$(TARGET_NAME)";
				SWIFT_EMIT_LOC_STRINGS = YES;
				SWIFT_VERSION = 5.0;
				TARGETED_DEVICE_FAMILY = "1,2";
			};
			name = Release;
		};
		DAB74D962CAE58FB00F93A07 /* Debug */ = {
			isa = XCBuildConfiguration;
			buildSettings = {
				BUNDLE_LOADER = "$(TEST_HOST)";
				CODE_SIGN_STYLE = Automatic;
				CURRENT_PROJECT_VERSION = 1;
				DEVELOPMENT_TEAM = 5LE62QQ976;
				GENERATE_INFOPLIST_FILE = YES;
				IPHONEOS_DEPLOYMENT_TARGET = 18.0;
				MARKETING_VERSION = 1.0;
				PRODUCT_BUNDLE_IDENTIFIER = com.td.ExposureTests;
				PRODUCT_NAME = "$(TARGET_NAME)";
				SWIFT_EMIT_LOC_STRINGS = NO;
				SWIFT_VERSION = 5.0;
				TARGETED_DEVICE_FAMILY = "1,2";
				TEST_HOST = "$(BUILT_PRODUCTS_DIR)/Exposure.app/$(BUNDLE_EXECUTABLE_FOLDER_PATH)/Exposure";
			};
			name = Debug;
		};
		DAB74D972CAE58FB00F93A07 /* Release */ = {
			isa = XCBuildConfiguration;
			buildSettings = {
				BUNDLE_LOADER = "$(TEST_HOST)";
				CODE_SIGN_STYLE = Automatic;
				CURRENT_PROJECT_VERSION = 1;
				DEVELOPMENT_TEAM = 5LE62QQ976;
				GENERATE_INFOPLIST_FILE = YES;
				IPHONEOS_DEPLOYMENT_TARGET = 18.0;
				MARKETING_VERSION = 1.0;
				PRODUCT_BUNDLE_IDENTIFIER = com.td.ExposureTests;
				PRODUCT_NAME = "$(TARGET_NAME)";
				SWIFT_EMIT_LOC_STRINGS = NO;
				SWIFT_VERSION = 5.0;
				TARGETED_DEVICE_FAMILY = "1,2";
				TEST_HOST = "$(BUILT_PRODUCTS_DIR)/Exposure.app/$(BUNDLE_EXECUTABLE_FOLDER_PATH)/Exposure";
			};
			name = Release;
		};
		DAB74D992CAE58FB00F93A07 /* Debug */ = {
			isa = XCBuildConfiguration;
			buildSettings = {
				CODE_SIGN_STYLE = Automatic;
				CURRENT_PROJECT_VERSION = 1;
				DEVELOPMENT_TEAM = 5LE62QQ976;
				GENERATE_INFOPLIST_FILE = YES;
				MARKETING_VERSION = 1.0;
				PRODUCT_BUNDLE_IDENTIFIER = com.td.ExposureUITests;
				PRODUCT_NAME = "$(TARGET_NAME)";
				SWIFT_EMIT_LOC_STRINGS = NO;
				SWIFT_VERSION = 5.0;
				TARGETED_DEVICE_FAMILY = "1,2";
				TEST_TARGET_NAME = Exposure;
			};
			name = Debug;
		};
		DAB74D9A2CAE58FB00F93A07 /* Release */ = {
			isa = XCBuildConfiguration;
			buildSettings = {
				CODE_SIGN_STYLE = Automatic;
				CURRENT_PROJECT_VERSION = 1;
				DEVELOPMENT_TEAM = 5LE62QQ976;
				GENERATE_INFOPLIST_FILE = YES;
				MARKETING_VERSION = 1.0;
				PRODUCT_BUNDLE_IDENTIFIER = com.td.ExposureUITests;
				PRODUCT_NAME = "$(TARGET_NAME)";
				SWIFT_EMIT_LOC_STRINGS = NO;
				SWIFT_VERSION = 5.0;
				TARGETED_DEVICE_FAMILY = "1,2";
				TEST_TARGET_NAME = Exposure;
			};
			name = Release;
		};
/* End XCBuildConfiguration section */

/* Begin XCConfigurationList section */
		DAB74D672CAE58FA00F93A07 /* Build configuration list for PBXProject "Exposure" */ = {
			isa = XCConfigurationList;
			buildConfigurations = (
				DAB74D902CAE58FB00F93A07 /* Debug */,
				DAB74D912CAE58FB00F93A07 /* Release */,
			);
			defaultConfigurationIsVisible = 0;
			defaultConfigurationName = Release;
		};
		DAB74D922CAE58FB00F93A07 /* Build configuration list for PBXNativeTarget "Exposure" */ = {
			isa = XCConfigurationList;
			buildConfigurations = (
				DAB74D932CAE58FB00F93A07 /* Debug */,
				DAB74D942CAE58FB00F93A07 /* Release */,
			);
			defaultConfigurationIsVisible = 0;
			defaultConfigurationName = Release;
		};
		DAB74D952CAE58FB00F93A07 /* Build configuration list for PBXNativeTarget "ExposureTests" */ = {
			isa = XCConfigurationList;
			buildConfigurations = (
				DAB74D962CAE58FB00F93A07 /* Debug */,
				DAB74D972CAE58FB00F93A07 /* Release */,
			);
			defaultConfigurationIsVisible = 0;
			defaultConfigurationName = Release;
		};
		DAB74D982CAE58FB00F93A07 /* Build configuration list for PBXNativeTarget "ExposureUITests" */ = {
			isa = XCConfigurationList;
			buildConfigurations = (
				DAB74D992CAE58FB00F93A07 /* Debug */,
				DAB74D9A2CAE58FB00F93A07 /* Release */,
			);
			defaultConfigurationIsVisible = 0;
			defaultConfigurationName = Release;
		};
/* End XCConfigurationList section */
	};
	rootObject = DAB74D642CAE58FA00F93A07 /* Project object */;
}
